# This file is generated by running "yarn install" inside your project.
# Manual changes might be lost - proceed with caution!

__metadata:
  version: 8
  cacheKey: 10c0

"@clickhouse/client-common@npm:0.2.4":
  version: 0.2.4
  resolution: "@clickhouse/client-common@npm:0.2.4"
  checksum: 1b6fa325684cb9ed9994840d9bc477afafb95fac9fd4a57ffdbf769ef5c8c59c64348b7ae0cc8107aeb0d6ada80003e4fab79d6665ee95b81f5117fefe5f3b25
  languageName: node
  linkType: hard

"@clickhouse/client@npm:^0.2.4":
  version: 0.2.4
  resolution: "@clickhouse/client@npm:0.2.4"
  dependencies:
    "@clickhouse/client-common": "npm:0.2.4"
  checksum: 08b36cab9415ed9e8918f890183f0d8a33353d416b0ec9b0467e27f5ae8cbac86b7d92dc795ee8e737e1824f9017e55db63650ee0a8ed754a6f4d190317562ee
  languageName: node
  linkType: hard

"@cspotcode/source-map-support@npm:^0.8.0":
  version: 0.8.1
  resolution: "@cspotcode/source-map-support@npm:0.8.1"
  dependencies:
    "@jridgewell/trace-mapping": "npm:0.3.9"
  checksum: 05c5368c13b662ee4c122c7bfbe5dc0b613416672a829f3e78bc49a357a197e0218d6e74e7c66cfcd04e15a179acab080bd3c69658c9fbefd0e1ccd950a07fc6
  languageName: node
  linkType: hard

"@fastify/accept-negotiator@npm:^1.0.0":
  version: 1.1.0
  resolution: "@fastify/accept-negotiator@npm:1.1.0"
  checksum: 1cb9a298c992b812869158ddc6093557a877b30e5f77618a7afea985a0667c50bc7113593bf0f7f9dc9b82b94c16e8ab127a0afc3efde6677fd645539f6d08e5
  languageName: node
  linkType: hard

"@fastify/ajv-compiler@npm:^3.5.0":
  version: 3.5.0
  resolution: "@fastify/ajv-compiler@npm:3.5.0"
  dependencies:
    ajv: "npm:^8.11.0"
    ajv-formats: "npm:^2.1.1"
    fast-uri: "npm:^2.0.0"
  checksum: d10df76b7016984bf70bc6aca99962468ec43e0be5772d4aa3a7735ae78be44fdbcb2c078fe0cfdffec076080dfb7cbdbf4b729e52b168039477126f9d023af0
  languageName: node
  linkType: hard

"@fastify/deepmerge@npm:^1.0.0":
  version: 1.3.0
  resolution: "@fastify/deepmerge@npm:1.3.0"
  checksum: 8115ed7b891189ee4ebba554a105cb69111615bdb2961f8c58a80872fac9d7b74b2c6317d545a7d378325d094ce73a91fc9c5d7d6189476779cd5a5493cb1351
  languageName: node
  linkType: hard

"@fastify/error@npm:^3.4.0":
  version: 3.4.0
  resolution: "@fastify/error@npm:3.4.0"
  checksum: 548216c10662a4c2f210c7c40f98195c530b646cf8d27ea35d18c0d513fe2f33b2ba2611a61619a1ec3163e8c0fefca05a671bc87a355df30476fee224bda3b3
  languageName: node
  linkType: hard

"@fastify/fast-json-stringify-compiler@npm:^4.3.0":
  version: 4.3.0
  resolution: "@fastify/fast-json-stringify-compiler@npm:4.3.0"
  dependencies:
    fast-json-stringify: "npm:^5.7.0"
  checksum: 513ef296f5ed682f7a460cfa6c5fb917a32fc540111b873c9937f944558e021492b18f30f9fd8dd20db252381a4428adbcc9f03a077f16c86d02f081eb490c7b
  languageName: node
  linkType: hard

"@fastify/send@npm:^2.0.0":
  version: 2.1.0
  resolution: "@fastify/send@npm:2.1.0"
  dependencies:
    "@lukeed/ms": "npm:^2.0.1"
    escape-html: "npm:~1.0.3"
    fast-decode-uri-component: "npm:^1.0.1"
    http-errors: "npm:2.0.0"
    mime: "npm:^3.0.0"
  checksum: 0e1c10022660fa1f1959b7c414d1be2c47ab42be1da8e21cd72a4df3104c516fdf7b590ee67f897037dd4c85b716fac63929e894d7699623549646604f6db14b
  languageName: node
  linkType: hard

"@fastify/static@npm:^6.0.0":
  version: 6.11.2
  resolution: "@fastify/static@npm:6.11.2"
  dependencies:
    "@fastify/accept-negotiator": "npm:^1.0.0"
    "@fastify/send": "npm:^2.0.0"
    content-disposition: "npm:^0.5.3"
    fastify-plugin: "npm:^4.0.0"
    glob: "npm:^8.0.1"
    p-limit: "npm:^3.1.0"
  checksum: dac6d0d611656770c276d594e26e1df0da3a2f81e54593317d4aedd8ac23fb0e7f43b08360d606bf3b9a0f9ba1ab0be55d63eac4322d0429721e822f8e1c2ef6
  languageName: node
  linkType: hard

"@fastify/swagger-ui@npm:^1.9.3":
  version: 1.10.1
  resolution: "@fastify/swagger-ui@npm:1.10.1"
  dependencies:
    "@fastify/static": "npm:^6.0.0"
    fastify-plugin: "npm:^4.0.0"
    openapi-types: "npm:^12.0.2"
    rfdc: "npm:^1.3.0"
    yaml: "npm:^2.2.2"
  checksum: ee306c69e84fe7f50d9804fce695132dee8d3d121dcc74325736d481b157818f0269268d6de3674e674d047d19865470d7144e896f4af16afe02cacdfa483ba2
  languageName: node
  linkType: hard

"@fastify/swagger@npm:^8.9.0":
  version: 8.12.0
  resolution: "@fastify/swagger@npm:8.12.0"
  dependencies:
    fastify-plugin: "npm:^4.0.0"
    json-schema-resolver: "npm:^2.0.0"
    openapi-types: "npm:^12.0.0"
    rfdc: "npm:^1.3.0"
    yaml: "npm:^2.2.2"
  checksum: f059c77e072609b31dbf9fd2eb6cac37d838766f755bca302fd6dc49e08e2982eb7b8c622dc3163db463fcd430845497fb1da41ae30cf97d259598c43edb1e0b
  languageName: node
  linkType: hard

"@fastify/type-provider-typebox@npm:^3.5.0":
  version: 3.5.0
  resolution: "@fastify/type-provider-typebox@npm:3.5.0"
  peerDependencies:
    "@sinclair/typebox": ">=0.26 <=0.31"
  checksum: db393858341fc527bafb962208f26709114527ae0fe80027a72a61d213daa0703381797301e8e1ab622794ccf2cfdc6002443735f2e072cdb56307740d98859f
  languageName: node
  linkType: hard

"@jridgewell/resolve-uri@npm:^3.0.3":
  version: 3.1.1
  resolution: "@jridgewell/resolve-uri@npm:3.1.1"
  checksum: 0dbc9e29bc640bbbdc5b9876d2859c69042bfcf1423c1e6421bcca53e826660bff4e41c7d4bcb8dbea696404231a6f902f76ba41835d049e20f2dd6cffb713bf
  languageName: node
  linkType: hard

"@jridgewell/sourcemap-codec@npm:^1.4.10":
  version: 1.4.15
  resolution: "@jridgewell/sourcemap-codec@npm:1.4.15"
  checksum: 0c6b5ae663087558039052a626d2d7ed5208da36cfd707dcc5cea4a07cfc918248403dcb5989a8f7afaf245ce0573b7cc6fd94c4a30453bd10e44d9363940ba5
  languageName: node
  linkType: hard

"@jridgewell/trace-mapping@npm:0.3.9":
  version: 0.3.9
  resolution: "@jridgewell/trace-mapping@npm:0.3.9"
  dependencies:
    "@jridgewell/resolve-uri": "npm:^3.0.3"
    "@jridgewell/sourcemap-codec": "npm:^1.4.10"
  checksum: fa425b606d7c7ee5bfa6a31a7b050dd5814b4082f318e0e4190f991902181b4330f43f4805db1dd4f2433fd0ed9cc7a7b9c2683f1deeab1df1b0a98b1e24055b
  languageName: node
  linkType: hard

"@lukeed/ms@npm:^2.0.1":
  version: 2.0.1
  resolution: "@lukeed/ms@npm:2.0.1"
  checksum: 06a5c9985194fb5e5e3ea60766589c808efee61661d85f869f92432bfb2fa5e5326b56b99df4c5d900bf4e9ce861791db058cae89a1d02a6be0638d9e804644a
  languageName: node
  linkType: hard

"@sinclair/typebox@npm:^0.31.20":
  version: 0.31.20
  resolution: "@sinclair/typebox@npm:0.31.20"
  checksum: 2e3bfadf9d44f7c61d05e5727323f5ea55d33f0a17fa801b5017c733d0370ecb2c558f1b382a23ee8330522ee878a25d571c0fa665703fce8e5d4d1804c250cd
  languageName: node
  linkType: hard

"@tsconfig/node10@npm:^1.0.7":
  version: 1.0.9
  resolution: "@tsconfig/node10@npm:1.0.9"
  checksum: c176a2c1e1b16be120c328300ea910df15fb9a5277010116d26818272341a11483c5a80059389d04edacf6fd2d03d4687ad3660870fdd1cc0b7109e160adb220
  languageName: node
  linkType: hard

"@tsconfig/node12@npm:^1.0.7":
  version: 1.0.11
  resolution: "@tsconfig/node12@npm:1.0.11"
  checksum: dddca2b553e2bee1308a056705103fc8304e42bb2d2cbd797b84403a223b25c78f2c683ec3e24a095e82cd435387c877239bffcb15a590ba817cd3f6b9a99fd9
  languageName: node
  linkType: hard

"@tsconfig/node14@npm:^1.0.0":
  version: 1.0.3
  resolution: "@tsconfig/node14@npm:1.0.3"
  checksum: 67c1316d065fdaa32525bc9449ff82c197c4c19092b9663b23213c8cbbf8d88b6ed6a17898e0cbc2711950fbfaf40388938c1c748a2ee89f7234fc9e7fe2bf44
  languageName: node
  linkType: hard

"@tsconfig/node16@npm:^1.0.2":
  version: 1.0.4
  resolution: "@tsconfig/node16@npm:1.0.4"
  checksum: 05f8f2734e266fb1839eb1d57290df1664fe2aa3b0fdd685a9035806daa635f7519bf6d5d9b33f6e69dd545b8c46bd6e2b5c79acb2b1f146e885f7f11a42a5bb
  languageName: node
  linkType: hard

"@types/js-yaml@npm:^4.0.5":
  version: 4.0.8
  resolution: "@types/js-yaml@npm:4.0.8"
  checksum: 171a5c54d5b5c86a89300d14a004c49321f1a290fd2f625e2ef682e100ce78715a0eb8eac1ff09114dadaec8ccdb98251ddb5e06f1f3d6aa2ec83930e7a16039
  languageName: node
  linkType: hard

"@types/node@npm:^20.8.9":
  version: 20.8.9
  resolution: "@types/node@npm:20.8.9"
  dependencies:
    undici-types: "npm:~5.26.4"
  checksum: 6fb5604ac087c8be9aeb9ee1413fae2e691c603c9a691bd722e113597b883f21e8380a44d114ab894b435a491bfc939c8478cd57bcf890c585b961343b124964
  languageName: node
  linkType: hard

"abort-controller@npm:^3.0.0":
  version: 3.0.0
  resolution: "abort-controller@npm:3.0.0"
  dependencies:
    event-target-shim: "npm:^5.0.0"
  checksum: 90ccc50f010250152509a344eb2e71977fbf8db0ab8f1061197e3275ddf6c61a41a6edfd7b9409c664513131dd96e962065415325ef23efa5db931b382d24ca5
  languageName: node
  linkType: hard

"abstract-logging@npm:^2.0.1":
  version: 2.0.1
  resolution: "abstract-logging@npm:2.0.1"
  checksum: 304879d9babcf6772260e5ddde632e6428e1f42f7a7a116d4689e97ad813a20e0ec2dd1e0a122f3617557f40091b9ca85735de4b48c17a2041268cb47b3f8ef1
  languageName: node
  linkType: hard

"acorn-walk@npm:^8.1.1":
  version: 8.3.0
  resolution: "acorn-walk@npm:8.3.0"
  checksum: 24346e595f507b6e704a60d35f3c5e1aa9891d4fb6a3fc3d856503ab718cc26cabb5e3e1ff0ff8da6ec03d60a8226ebdb602805a94f970e7f797ea3b8b09437f
  languageName: node
  linkType: hard

"acorn@npm:^8.4.1":
  version: 8.11.2
  resolution: "acorn@npm:8.11.2"
  bin:
    acorn: bin/acorn
  checksum: a3ed76c761b75ec54b1ec3068fb7f113a182e95aea7f322f65098c2958d232e3d211cb6dac35ff9c647024b63714bc528a26d54a925d1fef2c25585b4c8e4017
  languageName: node
  linkType: hard

"ajv-formats@npm:^2.1.1":
  version: 2.1.1
  resolution: "ajv-formats@npm:2.1.1"
  dependencies:
    ajv: "npm:^8.0.0"
  peerDependencies:
    ajv: ^8.0.0
  peerDependenciesMeta:
    ajv:
      optional: true
  checksum: e43ba22e91b6a48d96224b83d260d3a3a561b42d391f8d3c6d2c1559f9aa5b253bfb306bc94bbeca1d967c014e15a6efe9a207309e95b3eaae07fcbcdc2af662
  languageName: node
  linkType: hard

"ajv@npm:^8.0.0, ajv@npm:^8.10.0, ajv@npm:^8.11.0":
  version: 8.12.0
  resolution: "ajv@npm:8.12.0"
  dependencies:
    fast-deep-equal: "npm:^3.1.1"
    json-schema-traverse: "npm:^1.0.0"
    require-from-string: "npm:^2.0.2"
    uri-js: "npm:^4.2.2"
  checksum: ac4f72adf727ee425e049bc9d8b31d4a57e1c90da8d28bcd23d60781b12fcd6fc3d68db5df16994c57b78b94eed7988f5a6b482fd376dc5b084125e20a0a622e
  languageName: node
  linkType: hard

"archy@npm:^1.0.0":
  version: 1.0.0
  resolution: "archy@npm:1.0.0"
  checksum: 200c849dd1c304ea9914827b0555e7e1e90982302d574153e28637db1a663c53de62bad96df42d50e8ce7fc18d05e3437d9aa8c4b383803763755f0956c7d308
  languageName: node
  linkType: hard

"arg@npm:^4.1.0":
  version: 4.1.3
  resolution: "arg@npm:4.1.3"
  checksum: 070ff801a9d236a6caa647507bdcc7034530604844d64408149a26b9e87c2f97650055c0f049abd1efc024b334635c01f29e0b632b371ac3f26130f4cf65997a
  languageName: node
  linkType: hard

"argparse@npm:^2.0.1":
  version: 2.0.1
  resolution: "argparse@npm:2.0.1"
  checksum: c5640c2d89045371c7cedd6a70212a04e360fd34d6edeae32f6952c63949e3525ea77dbec0289d8213a99bbaeab5abfa860b5c12cf88a2e6cf8106e90dd27a7e
  languageName: node
  linkType: hard

"async-inserts-demo@workspace:.":
  version: 0.0.0-use.local
  resolution: "async-inserts-demo@workspace:."
  dependencies:
    "@clickhouse/client": "npm:^0.2.4"
    "@fastify/type-provider-typebox": "npm:^3.5.0"
    "@sinclair/typebox": "npm:^0.31.20"
    "@types/node": "npm:^20.8.9"
    fastify: "npm:^4.24.3"
    fastify-zod: "npm:^1.4.0"
    ts-node: "npm:^10.9.1"
    typescript: "npm:^5.2.2"
  languageName: unknown
  linkType: soft

"atomic-sleep@npm:^1.0.0":
  version: 1.0.0
  resolution: "atomic-sleep@npm:1.0.0"
  checksum: e329a6665512736a9bbb073e1761b4ec102f7926cce35037753146a9db9c8104f5044c1662e4a863576ce544fb8be27cd2be6bc8c1a40147d03f31eb1cfb6e8a
  languageName: node
  linkType: hard

"avvio@npm:^8.2.1":
  version: 8.2.1
  resolution: "avvio@npm:8.2.1"
  dependencies:
    archy: "npm:^1.0.0"
    debug: "npm:^4.0.0"
    fastq: "npm:^1.6.1"
  checksum: a763b7cb0d9bdd4c111c28b46cb83ee9d4bf79e5f99c5cd8b8f2727cf6d0cd5ec3e6df90dbda74a56cdec72fe928dd2e13e75e67270a88b92401f68ef756b3ce
  languageName: node
  linkType: hard

"balanced-match@npm:^1.0.0":
  version: 1.0.2
  resolution: "balanced-match@npm:1.0.2"
  checksum: 9308baf0a7e4838a82bbfd11e01b1cb0f0cf2893bc1676c27c2a8c0e70cbae1c59120c3268517a8ae7fb6376b4639ef81ca22582611dbee4ed28df945134aaee
  languageName: node
  linkType: hard

"base64-js@npm:^1.3.1":
  version: 1.5.1
  resolution: "base64-js@npm:1.5.1"
  checksum: f23823513b63173a001030fae4f2dabe283b99a9d324ade3ad3d148e218134676f1ee8568c877cd79ec1c53158dcf2d2ba527a97c606618928ba99dd930102bf
  languageName: node
  linkType: hard

"brace-expansion@npm:^2.0.1":
  version: 2.0.1
  resolution: "brace-expansion@npm:2.0.1"
  dependencies:
    balanced-match: "npm:^1.0.0"
  checksum: b358f2fe060e2d7a87aa015979ecea07f3c37d4018f8d6deb5bd4c229ad3a0384fe6029bb76cd8be63c81e516ee52d1a0673edbe2023d53a5191732ae3c3e49f
  languageName: node
  linkType: hard

"buffer@npm:^6.0.3":
  version: 6.0.3
  resolution: "buffer@npm:6.0.3"
  dependencies:
    base64-js: "npm:^1.3.1"
    ieee754: "npm:^1.2.1"
  checksum: 2a905fbbcde73cc5d8bd18d1caa23715d5f83a5935867c2329f0ac06104204ba7947be098fe1317fbd8830e26090ff8e764f08cd14fefc977bb248c3487bcbd0
  languageName: node
  linkType: hard

"camel-case@npm:^4.1.2":
  version: 4.1.2
  resolution: "camel-case@npm:4.1.2"
  dependencies:
    pascal-case: "npm:^3.1.2"
    tslib: "npm:^2.0.3"
  checksum: bf9eefaee1f20edbed2e9a442a226793bc72336e2b99e5e48c6b7252b6f70b080fc46d8246ab91939e2af91c36cdd422e0af35161e58dd089590f302f8f64c8a
  languageName: node
  linkType: hard

"capital-case@npm:^1.0.4":
  version: 1.0.4
  resolution: "capital-case@npm:1.0.4"
  dependencies:
    no-case: "npm:^3.0.4"
    tslib: "npm:^2.0.3"
    upper-case-first: "npm:^2.0.2"
  checksum: 6a034af73401f6e55d91ea35c190bbf8bda21714d4ea8bb8f1799311d123410a80f0875db4e3236dc3f97d74231ff4bf1c8783f2be13d7733c7d990c57387281
  languageName: node
  linkType: hard

"change-case@npm:^4.1.2":
  version: 4.1.2
  resolution: "change-case@npm:4.1.2"
  dependencies:
    camel-case: "npm:^4.1.2"
    capital-case: "npm:^1.0.4"
    constant-case: "npm:^3.0.4"
    dot-case: "npm:^3.0.4"
    header-case: "npm:^2.0.4"
    no-case: "npm:^3.0.4"
    param-case: "npm:^3.0.4"
    pascal-case: "npm:^3.1.2"
    path-case: "npm:^3.0.4"
    sentence-case: "npm:^3.0.4"
    snake-case: "npm:^3.0.4"
    tslib: "npm:^2.0.3"
  checksum: 95a6e48563cd393241ce18470c7310a8a050304a64b63addac487560ab039ce42b099673d1d293cc10652324d92060de11b5d918179fe3b5af2ee521fb03ca58
  languageName: node
  linkType: hard

"constant-case@npm:^3.0.4":
  version: 3.0.4
  resolution: "constant-case@npm:3.0.4"
  dependencies:
    no-case: "npm:^3.0.4"
    tslib: "npm:^2.0.3"
    upper-case: "npm:^2.0.2"
  checksum: 91d54f18341fcc491ae66d1086642b0cc564be3e08984d7b7042f8b0a721c8115922f7f11d6a09f13ed96ff326eabae11f9d1eb0335fa9d8b6e39e4df096010e
  languageName: node
  linkType: hard

"content-disposition@npm:^0.5.3":
  version: 0.5.4
  resolution: "content-disposition@npm:0.5.4"
  dependencies:
    safe-buffer: "npm:5.2.1"
  checksum: bac0316ebfeacb8f381b38285dc691c9939bf0a78b0b7c2d5758acadad242d04783cee5337ba7d12a565a19075af1b3c11c728e1e4946de73c6ff7ce45f3f1bb
  languageName: node
  linkType: hard

"cookie@npm:^0.5.0":
  version: 0.5.0
  resolution: "cookie@npm:0.5.0"
  checksum: c01ca3ef8d7b8187bae434434582288681273b5a9ed27521d4d7f9f7928fe0c920df0decd9f9d3bbd2d14ac432b8c8cf42b98b3bdd5bfe0e6edddeebebe8b61d
  languageName: node
  linkType: hard

"create-require@npm:^1.1.0":
  version: 1.1.1
  resolution: "create-require@npm:1.1.1"
  checksum: 157cbc59b2430ae9a90034a5f3a1b398b6738bf510f713edc4d4e45e169bc514d3d99dd34d8d01ca7ae7830b5b8b537e46ae8f3c8f932371b0875c0151d7ec91
  languageName: node
  linkType: hard

"debug@npm:^4.0.0, debug@npm:^4.1.1":
  version: 4.3.4
  resolution: "debug@npm:4.3.4"
  dependencies:
    ms: "npm:2.1.2"
  peerDependenciesMeta:
    supports-color:
      optional: true
  checksum: cedbec45298dd5c501d01b92b119cd3faebe5438c3917ff11ae1bff86a6c722930ac9c8659792824013168ba6db7c4668225d845c633fbdafbbf902a6389f736
  languageName: node
  linkType: hard

"depd@npm:2.0.0":
  version: 2.0.0
  resolution: "depd@npm:2.0.0"
  checksum: 58bd06ec20e19529b06f7ad07ddab60e504d9e0faca4bd23079fac2d279c3594334d736508dc350e06e510aba5e22e4594483b3a6562ce7c17dd797f4cc4ad2c
  languageName: node
  linkType: hard

"diff@npm:^4.0.1":
  version: 4.0.2
  resolution: "diff@npm:4.0.2"
  checksum: 81b91f9d39c4eaca068eb0c1eb0e4afbdc5bb2941d197f513dd596b820b956fef43485876226d65d497bebc15666aa2aa82c679e84f65d5f2bfbf14ee46e32c1
  languageName: node
  linkType: hard

"dot-case@npm:^3.0.4":
  version: 3.0.4
  resolution: "dot-case@npm:3.0.4"
  dependencies:
    no-case: "npm:^3.0.4"
    tslib: "npm:^2.0.3"
  checksum: 5b859ea65097a7ea870e2c91b5768b72ddf7fa947223fd29e167bcdff58fe731d941c48e47a38ec8aa8e43044c8fbd15cd8fa21689a526bc34b6548197cd5b05
  languageName: node
  linkType: hard

"escape-html@npm:~1.0.3":
  version: 1.0.3
  resolution: "escape-html@npm:1.0.3"
  checksum: 524c739d776b36c3d29fa08a22e03e8824e3b2fd57500e5e44ecf3cc4707c34c60f9ca0781c0e33d191f2991161504c295e98f68c78fe7baa6e57081ec6ac0a3
  languageName: node
  linkType: hard

"event-target-shim@npm:^5.0.0":
  version: 5.0.1
  resolution: "event-target-shim@npm:5.0.1"
  checksum: 0255d9f936215fd206156fd4caa9e8d35e62075d720dc7d847e89b417e5e62cf1ce6c9b4e0a1633a9256de0efefaf9f8d26924b1f3c8620cffb9db78e7d3076b
  languageName: node
  linkType: hard

"events@npm:^3.3.0":
  version: 3.3.0
  resolution: "events@npm:3.3.0"
  checksum: d6b6f2adbccbcda74ddbab52ed07db727ef52e31a61ed26db9feb7dc62af7fc8e060defa65e5f8af9449b86b52cc1a1f6a79f2eafcf4e62add2b7a1fa4a432f6
  languageName: node
  linkType: hard

"fast-content-type-parse@npm:^1.1.0":
  version: 1.1.0
  resolution: "fast-content-type-parse@npm:1.1.0"
  checksum: 882bf990fa5d64be1825ce183818db43900ece0d7ef184cb9409bae8ed1001acbe536a657b1496382cb3e308e71ab39cc399bbdae70cba1745eecaeca4e55384
  languageName: node
  linkType: hard

"fast-decode-uri-component@npm:^1.0.1":
  version: 1.0.1
  resolution: "fast-decode-uri-component@npm:1.0.1"
  checksum: 039d50c2e99d64f999c3f2126c23fbf75a04a4117e218a149ca0b1d2aeb8c834b7b19d643b9d35d4eabce357189a6a94085f78cf48869e6e26cc59b036284bc3
  languageName: node
  linkType: hard

"fast-deep-equal@npm:^3.1.1, fast-deep-equal@npm:^3.1.3":
  version: 3.1.3
  resolution: "fast-deep-equal@npm:3.1.3"
  checksum: 40dedc862eb8992c54579c66d914635afbec43350afbbe991235fdcb4e3a8d5af1b23ae7e79bef7d4882d0ecee06c3197488026998fb19f72dc95acff1d1b1d0
  languageName: node
  linkType: hard

"fast-json-stringify@npm:^5.7.0, fast-json-stringify@npm:^5.8.0":
  version: 5.8.0
  resolution: "fast-json-stringify@npm:5.8.0"
  dependencies:
    "@fastify/deepmerge": "npm:^1.0.0"
    ajv: "npm:^8.10.0"
    ajv-formats: "npm:^2.1.1"
    fast-deep-equal: "npm:^3.1.3"
    fast-uri: "npm:^2.1.0"
    rfdc: "npm:^1.2.0"
  checksum: f5ae2ca990174cbce56eeed8c8ec58b42ebd3ff829066c55d855bf756edc0711c17096f9cf4c6f8a2db5985d750af628984eb9335c0017498767d6a93c184796
  languageName: node
  linkType: hard

"fast-querystring@npm:^1.0.0":
  version: 1.1.2
  resolution: "fast-querystring@npm:1.1.2"
  dependencies:
    fast-decode-uri-component: "npm:^1.0.1"
  checksum: e8223273a9b199722f760f5a047a77ad049a14bd444b821502cb8218f5925e3a5fffb56b64389bca73ab2ac6f1aa7aebbe4e203e5f6e53ff5978de97c0fde4e3
  languageName: node
  linkType: hard

"fast-redact@npm:^3.1.1":
  version: 3.3.0
  resolution: "fast-redact@npm:3.3.0"
  checksum: d81562510681e9ba6404ee5d3838ff5257a44d2f80937f5024c099049ff805437d0fae0124458a7e87535cc9dcf4de305bb075cab8f08d6c720bbc3447861b4e
  languageName: node
  linkType: hard

"fast-uri@npm:^2.0.0, fast-uri@npm:^2.1.0":
  version: 2.2.0
  resolution: "fast-uri@npm:2.2.0"
  checksum: 2242463c97c187762a6212c59eb9d881832d15210f16923daf40ee66fba06a801f4da7d6f1010fb4da101069ec99aeb2700bbbb3eb89141b2701a54048989a9c
  languageName: node
  linkType: hard

"fastify-plugin@npm:^4.0.0":
  version: 4.5.1
  resolution: "fastify-plugin@npm:4.5.1"
  checksum: f58f79cd9d3c88fd7f79a3270276c6339fc57bbe72ef14d20b73779193c404e317ac18e8eae2c5071b3909ebee45d7eb6871da4e65464ac64ed0d9746b4e9b9f
  languageName: node
  linkType: hard

"fastify-zod@npm:^1.4.0":
  version: 1.4.0
  resolution: "fastify-zod@npm:1.4.0"
  dependencies:
    "@fastify/swagger": "npm:^8.9.0"
    "@fastify/swagger-ui": "npm:^1.9.3"
    "@types/js-yaml": "npm:^4.0.5"
    change-case: "npm:^4.1.2"
    fast-deep-equal: "npm:^3.1.3"
    js-yaml: "npm:^4.1.0"
    tslib: "npm:^2.6.1"
    zod: "npm:^3.22.1"
    zod-to-json-schema: "npm:^3.21.4"
  peerDependencies:
    fastify: ^4.15.0
  checksum: 5667da4f6df49047ac8e4c8f28e1412fda288d4aa3feb03b0ff07b0ee4648495cbcd6a7a53f673a8a57ea7dbb86ecf8531430e8b176e0ab7dccbca3d8e28177f
  languageName: node
  linkType: hard

"fastify@npm:^4.24.3":
  version: 4.24.3
  resolution: "fastify@npm:4.24.3"
  dependencies:
    "@fastify/ajv-compiler": "npm:^3.5.0"
    "@fastify/error": "npm:^3.4.0"
    "@fastify/fast-json-stringify-compiler": "npm:^4.3.0"
    abstract-logging: "npm:^2.0.1"
    avvio: "npm:^8.2.1"
    fast-content-type-parse: "npm:^1.1.0"
    fast-json-stringify: "npm:^5.8.0"
    find-my-way: "npm:^7.7.0"
    light-my-request: "npm:^5.11.0"
    pino: "npm:^8.16.0"
    process-warning: "npm:^2.2.0"
    proxy-addr: "npm:^2.0.7"
    rfdc: "npm:^1.3.0"
    secure-json-parse: "npm:^2.7.0"
    semver: "npm:^7.5.4"
    toad-cache: "npm:^3.3.0"
  checksum: 36018767b25cde307942f52172eedfc7c1ce186162222334e19caa607e3d29fe3de04cff2c08f21096d45fa4b071cd58a319392a6dbb5b5dbdf8230b38405c3e
  languageName: node
  linkType: hard

"fastq@npm:^1.6.1":
  version: 1.15.0
  resolution: "fastq@npm:1.15.0"
  dependencies:
    reusify: "npm:^1.0.4"
  checksum: 5ce4f83afa5f88c9379e67906b4d31bc7694a30826d6cc8d0f0473c966929017fda65c2174b0ec89f064ede6ace6c67f8a4fe04cef42119b6a55b0d465554c24
  languageName: node
  linkType: hard

"find-my-way@npm:^7.7.0":
  version: 7.7.0
  resolution: "find-my-way@npm:7.7.0"
  dependencies:
    fast-deep-equal: "npm:^3.1.3"
    fast-querystring: "npm:^1.0.0"
    safe-regex2: "npm:^2.0.0"
  checksum: 6b4fef5f3a21a73c5428337a02ce2f90af055e3fade6f57f3444a76d7f58a43891aba26597014ff02f9fd9071abfdd32b92ff2435aadaf96dd2316920c456f6e
  languageName: node
  linkType: hard

"forwarded@npm:0.2.0":
  version: 0.2.0
  resolution: "forwarded@npm:0.2.0"
  checksum: 9b67c3fac86acdbc9ae47ba1ddd5f2f81526fa4c8226863ede5600a3f7c7416ef451f6f1e240a3cc32d0fd79fcfe6beb08fd0da454f360032bde70bf80afbb33
  languageName: node
  linkType: hard

"fs.realpath@npm:^1.0.0":
  version: 1.0.0
  resolution: "fs.realpath@npm:1.0.0"
  checksum: 444cf1291d997165dfd4c0d58b69f0e4782bfd9149fd72faa4fe299e68e0e93d6db941660b37dd29153bf7186672ececa3b50b7e7249477b03fdf850f287c948
  languageName: node
  linkType: hard

"glob@npm:^8.0.1":
  version: 8.1.0
  resolution: "glob@npm:8.1.0"
  dependencies:
    fs.realpath: "npm:^1.0.0"
    inflight: "npm:^1.0.4"
    inherits: "npm:2"
    minimatch: "npm:^5.0.1"
    once: "npm:^1.3.0"
  checksum: cb0b5cab17a59c57299376abe5646c7070f8acb89df5595b492dba3bfb43d301a46c01e5695f01154e6553168207cb60d4eaf07d3be4bc3eb9b0457c5c561d0f
  languageName: node
  linkType: hard

"header-case@npm:^2.0.4":
  version: 2.0.4
  resolution: "header-case@npm:2.0.4"
  dependencies:
    capital-case: "npm:^1.0.4"
    tslib: "npm:^2.0.3"
  checksum: c9f295d9d8e38fa50679281fd70d80726962256e888a76c8e72e526453da7a1832dcb427caa716c1ad5d79841d4537301b90156fa30298fefd3d68f4ea2181bb
  languageName: node
  linkType: hard

"http-errors@npm:2.0.0":
  version: 2.0.0
  resolution: "http-errors@npm:2.0.0"
  dependencies:
    depd: "npm:2.0.0"
    inherits: "npm:2.0.4"
    setprototypeof: "npm:1.2.0"
    statuses: "npm:2.0.1"
    toidentifier: "npm:1.0.1"
  checksum: fc6f2715fe188d091274b5ffc8b3657bd85c63e969daa68ccb77afb05b071a4b62841acb7a21e417b5539014dff2ebf9550f0b14a9ff126f2734a7c1387f8e19
  languageName: node
  linkType: hard

"ieee754@npm:^1.2.1":
  version: 1.2.1
  resolution: "ieee754@npm:1.2.1"
  checksum: b0782ef5e0935b9f12883a2e2aa37baa75da6e66ce6515c168697b42160807d9330de9a32ec1ed73149aea02e0d822e572bca6f1e22bdcbd2149e13b050b17bb
  languageName: node
  linkType: hard

"inflight@npm:^1.0.4":
  version: 1.0.6
  resolution: "inflight@npm:1.0.6"
  dependencies:
    once: "npm:^1.3.0"
    wrappy: "npm:1"
  checksum: 7faca22584600a9dc5b9fca2cd5feb7135ac8c935449837b315676b4c90aa4f391ec4f42240178244b5a34e8bede1948627fda392ca3191522fc46b34e985ab2
  languageName: node
  linkType: hard

"inherits@npm:2, inherits@npm:2.0.4":
  version: 2.0.4
  resolution: "inherits@npm:2.0.4"
  checksum: 4e531f648b29039fb7426fb94075e6545faa1eb9fe83c29f0b6d9e7263aceb4289d2d4557db0d428188eeb449cc7c5e77b0a0b2c4e248ff2a65933a0dee49ef2
  languageName: node
  linkType: hard

"ipaddr.js@npm:1.9.1":
  version: 1.9.1
  resolution: "ipaddr.js@npm:1.9.1"
  checksum: 0486e775047971d3fdb5fb4f063829bac45af299ae0b82dcf3afa2145338e08290563a2a70f34b732d795ecc8311902e541a8530eeb30d75860a78ff4e94ce2a
  languageName: node
  linkType: hard

"js-yaml@npm:^4.1.0":
  version: 4.1.0
  resolution: "js-yaml@npm:4.1.0"
  dependencies:
    argparse: "npm:^2.0.1"
  bin:
    js-yaml: bin/js-yaml.js
  checksum: 184a24b4eaacfce40ad9074c64fd42ac83cf74d8c8cd137718d456ced75051229e5061b8633c3366b8aada17945a7a356b337828c19da92b51ae62126575018f
  languageName: node
  linkType: hard

"json-schema-resolver@npm:^2.0.0":
  version: 2.0.0
  resolution: "json-schema-resolver@npm:2.0.0"
  dependencies:
    debug: "npm:^4.1.1"
    rfdc: "npm:^1.1.4"
    uri-js: "npm:^4.2.2"
  checksum: d838ae7e955ed7a16cb45702abecf302a656d0ba7bb30843947ffc2d1c9554bcd18b93afa1132ab1e519ae2b0b7ef621d720efb82c5516978ac94532d3a39f07
  languageName: node
  linkType: hard

"json-schema-traverse@npm:^1.0.0":
  version: 1.0.0
  resolution: "json-schema-traverse@npm:1.0.0"
  checksum: 71e30015d7f3d6dc1c316d6298047c8ef98a06d31ad064919976583eb61e1018a60a0067338f0f79cabc00d84af3fcc489bd48ce8a46ea165d9541ba17fb30c6
  languageName: node
  linkType: hard

"light-my-request@npm:^5.11.0":
  version: 5.11.0
  resolution: "light-my-request@npm:5.11.0"
  dependencies:
    cookie: "npm:^0.5.0"
    process-warning: "npm:^2.0.0"
    set-cookie-parser: "npm:^2.4.1"
  checksum: ad5512b5216f2095409b54daf901f714f76004e4c8acdaa1ec3aa2ffde7ddf11ac249f02a87344d766bbad59eb2732acfe3ee5bb7e8ad5fc71057ef0d4d3be25
  languageName: node
  linkType: hard

"lower-case@npm:^2.0.2":
  version: 2.0.2
  resolution: "lower-case@npm:2.0.2"
  dependencies:
    tslib: "npm:^2.0.3"
  checksum: 3d925e090315cf7dc1caa358e0477e186ffa23947740e4314a7429b6e62d72742e0bbe7536a5ae56d19d7618ce998aba05caca53c2902bd5742fdca5fc57fd7b
  languageName: node
  linkType: hard

"lru-cache@npm:^6.0.0":
  version: 6.0.0
  resolution: "lru-cache@npm:6.0.0"
  dependencies:
    yallist: "npm:^4.0.0"
  checksum: cb53e582785c48187d7a188d3379c181b5ca2a9c78d2bce3e7dee36f32761d1c42983da3fe12b55cb74e1779fa94cdc2e5367c028a9b35317184ede0c07a30a9
  languageName: node
  linkType: hard

"make-error@npm:^1.1.1":
  version: 1.3.6
  resolution: "make-error@npm:1.3.6"
  checksum: 171e458d86854c6b3fc46610cfacf0b45149ba043782558c6875d9f42f222124384ad0b468c92e996d815a8a2003817a710c0a160e49c1c394626f76fa45396f
  languageName: node
  linkType: hard

"mime@npm:^3.0.0":
  version: 3.0.0
  resolution: "mime@npm:3.0.0"
  bin:
    mime: cli.js
  checksum: 402e792a8df1b2cc41cb77f0dcc46472b7944b7ec29cb5bbcd398624b6b97096728f1239766d3fdeb20551dd8d94738344c195a6ea10c4f906eb0356323b0531
  languageName: node
  linkType: hard

"minimatch@npm:^5.0.1":
  version: 5.1.6
  resolution: "minimatch@npm:5.1.6"
  dependencies:
    brace-expansion: "npm:^2.0.1"
  checksum: 3defdfd230914f22a8da203747c42ee3c405c39d4d37ffda284dac5e45b7e1f6c49aa8be606509002898e73091ff2a3bbfc59c2c6c71d4660609f63aa92f98e3
  languageName: node
  linkType: hard

"ms@npm:2.1.2":
  version: 2.1.2
  resolution: "ms@npm:2.1.2"
  checksum: a437714e2f90dbf881b5191d35a6db792efbca5badf112f87b9e1c712aace4b4b9b742dd6537f3edf90fd6f684de897cec230abde57e87883766712ddda297cc
  languageName: node
  linkType: hard

"no-case@npm:^3.0.4":
  version: 3.0.4
  resolution: "no-case@npm:3.0.4"
  dependencies:
    lower-case: "npm:^2.0.2"
    tslib: "npm:^2.0.3"
  checksum: 8ef545f0b3f8677c848f86ecbd42ca0ff3cd9dd71c158527b344c69ba14710d816d8489c746b6ca225e7b615108938a0bda0a54706f8c255933703ac1cf8e703
  languageName: node
  linkType: hard

"on-exit-leak-free@npm:^2.1.0":
  version: 2.1.2
  resolution: "on-exit-leak-free@npm:2.1.2"
  checksum: faea2e1c9d696ecee919026c32be8d6a633a7ac1240b3b87e944a380e8a11dc9c95c4a1f8fb0568de7ab8db3823e790f12bda45296b1d111e341aad3922a0570
  languageName: node
  linkType: hard

"once@npm:^1.3.0":
  version: 1.4.0
  resolution: "once@npm:1.4.0"
  dependencies:
    wrappy: "npm:1"
  checksum: 5d48aca287dfefabd756621c5dfce5c91a549a93e9fdb7b8246bc4c4790aa2ec17b34a260530474635147aeb631a2dcc8b32c613df0675f96041cbb8244517d0
  languageName: node
  linkType: hard

"openapi-types@npm:^12.0.0, openapi-types@npm:^12.0.2":
  version: 12.1.3
  resolution: "openapi-types@npm:12.1.3"
  checksum: 4ad4eb91ea834c237edfa6ab31394e87e00c888fc2918009763389c00d02342345195d6f302d61c3fd807f17723cd48df29b47b538b68375b3827b3758cd520f
  languageName: node
  linkType: hard

"p-limit@npm:^3.1.0":
  version: 3.1.0
  resolution: "p-limit@npm:3.1.0"
  dependencies:
    yocto-queue: "npm:^0.1.0"
  checksum: 9db675949dbdc9c3763c89e748d0ef8bdad0afbb24d49ceaf4c46c02c77d30db4e0652ed36d0a0a7a95154335fab810d95c86153105bb73b3a90448e2bb14e1a
  languageName: node
  linkType: hard

"param-case@npm:^3.0.4":
  version: 3.0.4
  resolution: "param-case@npm:3.0.4"
  dependencies:
    dot-case: "npm:^3.0.4"
    tslib: "npm:^2.0.3"
  checksum: ccc053f3019f878eca10e70ec546d92f51a592f762917dafab11c8b532715dcff58356118a6f350976e4ab109e321756f05739643ed0ca94298e82291e6f9e76
  languageName: node
  linkType: hard

"pascal-case@npm:^3.1.2":
  version: 3.1.2
  resolution: "pascal-case@npm:3.1.2"
  dependencies:
    no-case: "npm:^3.0.4"
    tslib: "npm:^2.0.3"
  checksum: 05ff7c344809fd272fc5030ae0ee3da8e4e63f36d47a1e0a4855ca59736254192c5a27b5822ed4bae96e54048eec5f6907713cfcfff7cdf7a464eaf7490786d8
  languageName: node
  linkType: hard

"path-case@npm:^3.0.4":
  version: 3.0.4
  resolution: "path-case@npm:3.0.4"
  dependencies:
    dot-case: "npm:^3.0.4"
    tslib: "npm:^2.0.3"
  checksum: b6b14637228a558793f603aaeb2fcd981e738b8b9319421b713532fba96d75aa94024b9f6b9ae5aa33d86755144a5b36697d28db62ae45527dbd672fcc2cf0b7
  languageName: node
  linkType: hard

"pino-abstract-transport@npm:v1.1.0":
  version: 1.1.0
  resolution: "pino-abstract-transport@npm:1.1.0"
  dependencies:
    readable-stream: "npm:^4.0.0"
    split2: "npm:^4.0.0"
  checksum: 6e9b9d5a2c0a37f91ecaf224d335daae1ae682b1c79a05b06ef9e0f0a5d289f8e597992217efc857796dae6f1067e9b4882f95c6228ff433ddc153532cae8aca
  languageName: node
  linkType: hard

"pino-std-serializers@npm:^6.0.0":
  version: 6.2.2
  resolution: "pino-std-serializers@npm:6.2.2"
  checksum: 8f1c7f0f0d8f91e6c6b5b2a6bfb48f06441abeb85f1c2288319f736f9c6d814fbeebe928d2314efc2ba6018fa7db9357a105eca9fc99fc1f28945a8a8b28d3d5
  languageName: node
  linkType: hard

"pino@npm:^8.16.0":
  version: 8.16.1
  resolution: "pino@npm:8.16.1"
  dependencies:
    atomic-sleep: "npm:^1.0.0"
    fast-redact: "npm:^3.1.1"
    on-exit-leak-free: "npm:^2.1.0"
    pino-abstract-transport: "npm:v1.1.0"
    pino-std-serializers: "npm:^6.0.0"
    process-warning: "npm:^2.0.0"
    quick-format-unescaped: "npm:^4.0.3"
    real-require: "npm:^0.2.0"
    safe-stable-stringify: "npm:^2.3.1"
    sonic-boom: "npm:^3.7.0"
    thread-stream: "npm:^2.0.0"
  bin:
    pino: bin.js
  checksum: 06ea391095e895f1f94adda231fb51565e2935a9cad87e6559b7e074a6dadc8bd279367dbe119b1649774480a53c97214f32daa4c14b21a853d50c60a4c28976
  languageName: node
  linkType: hard

"process-warning@npm:^2.0.0, process-warning@npm:^2.2.0":
  version: 2.2.0
  resolution: "process-warning@npm:2.2.0"
  checksum: 22b252ca6c1edf7fe3c6ab30c39f9a2fa240dc5af46fd0f94c4dcbc577e7570dcccfc1cbfb4510db4759906b9170cb8b18c519d581cdf2ea649e5ac6bb9a0e60
  languageName: node
  linkType: hard

"process@npm:^0.11.10":
  version: 0.11.10
  resolution: "process@npm:0.11.10"
  checksum: 40c3ce4b7e6d4b8c3355479df77aeed46f81b279818ccdc500124e6a5ab882c0cc81ff7ea16384873a95a74c4570b01b120f287abbdd4c877931460eca6084b3
  languageName: node
  linkType: hard

"proxy-addr@npm:^2.0.7":
  version: 2.0.7
  resolution: "proxy-addr@npm:2.0.7"
  dependencies:
    forwarded: "npm:0.2.0"
    ipaddr.js: "npm:1.9.1"
  checksum: c3eed999781a35f7fd935f398b6d8920b6fb00bbc14287bc6de78128ccc1a02c89b95b56742bf7cf0362cc333c61d138532049c7dedc7a328ef13343eff81210
  languageName: node
  linkType: hard

"punycode@npm:^2.1.0":
  version: 2.3.0
  resolution: "punycode@npm:2.3.0"
  checksum: 8e6f7abdd3a6635820049e3731c623bbef3fedbf63bbc696b0d7237fdba4cefa069bc1fa62f2938b0fbae057550df7b5318f4a6bcece27f1907fc75c54160bee
  languageName: node
  linkType: hard

"quick-format-unescaped@npm:^4.0.3":
  version: 4.0.4
  resolution: "quick-format-unescaped@npm:4.0.4"
  checksum: fe5acc6f775b172ca5b4373df26f7e4fd347975578199e7d74b2ae4077f0af05baa27d231de1e80e8f72d88275ccc6028568a7a8c9ee5e7368ace0e18eff93a4
  languageName: node
  linkType: hard

"readable-stream@npm:^4.0.0":
  version: 4.4.2
  resolution: "readable-stream@npm:4.4.2"
  dependencies:
    abort-controller: "npm:^3.0.0"
    buffer: "npm:^6.0.3"
    events: "npm:^3.3.0"
    process: "npm:^0.11.10"
    string_decoder: "npm:^1.3.0"
  checksum: cf7cc8daa2b57872d120945a20a1458c13dcb6c6f352505421115827b18ac4df0e483ac1fe195cb1f5cd226e1073fc55b92b569269d8299e8530840bcdbba40c
  languageName: node
  linkType: hard

"real-require@npm:^0.2.0":
  version: 0.2.0
  resolution: "real-require@npm:0.2.0"
  checksum: 23eea5623642f0477412ef8b91acd3969015a1501ed34992ada0e3af521d3c865bb2fe4cdbfec5fe4b505f6d1ef6a03e5c3652520837a8c3b53decff7e74b6a0
  languageName: node
  linkType: hard

"require-from-string@npm:^2.0.2":
  version: 2.0.2
  resolution: "require-from-string@npm:2.0.2"
  checksum: aaa267e0c5b022fc5fd4eef49d8285086b15f2a1c54b28240fdf03599cbd9c26049fee3eab894f2e1f6ca65e513b030a7c264201e3f005601e80c49fb2937ce2
  languageName: node
  linkType: hard

"ret@npm:~0.2.0":
  version: 0.2.2
  resolution: "ret@npm:0.2.2"
  checksum: 1a41e543913cda851abb1dae4852efa97bb693ce58fde3b51cc1cae94e2599dd70b91ad6268a4a07fc238305be06fed91723ef6d08863c48a0d02e0a74b943cd
  languageName: node
  linkType: hard

"reusify@npm:^1.0.4":
  version: 1.0.4
  resolution: "reusify@npm:1.0.4"
  checksum: c19ef26e4e188f408922c46f7ff480d38e8dfc55d448310dfb518736b23ed2c4f547fb64a6ed5bdba92cd7e7ddc889d36ff78f794816d5e71498d645ef476107
  languageName: node
  linkType: hard

"rfdc@npm:^1.1.4, rfdc@npm:^1.2.0, rfdc@npm:^1.3.0":
  version: 1.3.0
  resolution: "rfdc@npm:1.3.0"
  checksum: a17fd7b81f42c7ae4cb932abd7b2f677b04cc462a03619fb46945ae1ccae17c3bc87c020ffdde1751cbfa8549860a2883486fdcabc9b9de3f3108af32b69a667
  languageName: node
  linkType: hard

"safe-buffer@npm:5.2.1, safe-buffer@npm:~5.2.0":
  version: 5.2.1
  resolution: "safe-buffer@npm:5.2.1"
  checksum: 6501914237c0a86e9675d4e51d89ca3c21ffd6a31642efeba25ad65720bce6921c9e7e974e5be91a786b25aa058b5303285d3c15dbabf983a919f5f630d349f3
  languageName: node
  linkType: hard

"safe-regex2@npm:^2.0.0":
  version: 2.0.0
  resolution: "safe-regex2@npm:2.0.0"
  dependencies:
    ret: "npm:~0.2.0"
  checksum: f499e4fc69caafd7dd8023759e69a32991baa66e90bec5e2a7777b907943b27068dbff4e7a32cc8231f1354fcb779142f419e85498ae1e37384dc60619509c27
  languageName: node
  linkType: hard

"safe-stable-stringify@npm:^2.3.1":
  version: 2.4.3
  resolution: "safe-stable-stringify@npm:2.4.3"
  checksum: 81dede06b8f2ae794efd868b1e281e3c9000e57b39801c6c162267eb9efda17bd7a9eafa7379e1f1cacd528d4ced7c80d7460ad26f62ada7c9e01dec61b2e768
  languageName: node
  linkType: hard

"secure-json-parse@npm:^2.7.0":
  version: 2.7.0
  resolution: "secure-json-parse@npm:2.7.0"
  checksum: f57eb6a44a38a3eeaf3548228585d769d788f59007454214fab9ed7f01fbf2e0f1929111da6db28cf0bcc1a2e89db5219a59e83eeaec3a54e413a0197ce879e4
  languageName: node
  linkType: hard

"semver@npm:^7.5.4":
  version: 7.5.4
  resolution: "semver@npm:7.5.4"
  dependencies:
    lru-cache: "npm:^6.0.0"
  bin:
    semver: bin/semver.js
  checksum: 5160b06975a38b11c1ab55950cb5b8a23db78df88275d3d8a42ccf1f29e55112ac995b3a26a522c36e3b5f76b0445f1eef70d696b8c7862a2b4303d7b0e7609e
  languageName: node
  linkType: hard

"sentence-case@npm:^3.0.4":
  version: 3.0.4
  resolution: "sentence-case@npm:3.0.4"
  dependencies:
    no-case: "npm:^3.0.4"
    tslib: "npm:^2.0.3"
    upper-case-first: "npm:^2.0.2"
  checksum: 9a90527a51300cf5faea7fae0c037728f9ddcff23ac083883774c74d180c0a03c31aab43d5c3347512e8c1b31a0d4712512ec82beb71aa79b85149f9abeb5467
  languageName: node
  linkType: hard

"set-cookie-parser@npm:^2.4.1":
  version: 2.6.0
  resolution: "set-cookie-parser@npm:2.6.0"
  checksum: 739da029f0e56806a103fcd5501d9c475e19e77bd8274192d7ae5c374ae714a82bba9a7ac00b0330a18227c5644b08df9e442240527be578f5a6030f9bb2bb80
  languageName: node
  linkType: hard

"setprototypeof@npm:1.2.0":
  version: 1.2.0
  resolution: "setprototypeof@npm:1.2.0"
  checksum: 68733173026766fa0d9ecaeb07f0483f4c2dc70ca376b3b7c40b7cda909f94b0918f6c5ad5ce27a9160bdfb475efaa9d5e705a11d8eaae18f9835d20976028bc
  languageName: node
  linkType: hard

"snake-case@npm:^3.0.4":
  version: 3.0.4
  resolution: "snake-case@npm:3.0.4"
  dependencies:
    dot-case: "npm:^3.0.4"
    tslib: "npm:^2.0.3"
  checksum: ab19a913969f58f4474fe9f6e8a026c8a2142a01f40b52b79368068343177f818cdfef0b0c6b9558f298782441d5ca8ed5932eb57822439fad791d866e62cecd
  languageName: node
  linkType: hard

"sonic-boom@npm:^3.7.0":
  version: 3.7.0
  resolution: "sonic-boom@npm:3.7.0"
  dependencies:
    atomic-sleep: "npm:^1.0.0"
  checksum: 57a3d560efb77f4576db111168ee2649c99e7869fda6ce0ec2a4e5458832d290ba58d74b073ddb5827d9a30f96d23cff79157993d919e1a6d5f28d8b6391c7f0
  languageName: node
  linkType: hard

"split2@npm:^4.0.0":
  version: 4.2.0
  resolution: "split2@npm:4.2.0"
  checksum: b292beb8ce9215f8c642bb68be6249c5a4c7f332fc8ecadae7be5cbdf1ea95addc95f0459ef2e7ad9d45fd1064698a097e4eb211c83e772b49bc0ee423e91534
  languageName: node
  linkType: hard

"statuses@npm:2.0.1":
  version: 2.0.1
  resolution: "statuses@npm:2.0.1"
  checksum: 34378b207a1620a24804ce8b5d230fea0c279f00b18a7209646d5d47e419d1cc23e7cbf33a25a1e51ac38973dc2ac2e1e9c647a8e481ef365f77668d72becfd0
  languageName: node
  linkType: hard

"string_decoder@npm:^1.3.0":
  version: 1.3.0
  resolution: "string_decoder@npm:1.3.0"
  dependencies:
    safe-buffer: "npm:~5.2.0"
  checksum: 810614ddb030e271cd591935dcd5956b2410dd079d64ff92a1844d6b7588bf992b3e1b69b0f4d34a3e06e0bd73046ac646b5264c1987b20d0601f81ef35d731d
  languageName: node
  linkType: hard

"thread-stream@npm:^2.0.0":
  version: 2.4.1
  resolution: "thread-stream@npm:2.4.1"
  dependencies:
    real-require: "npm:^0.2.0"
  checksum: ce29265810b9550ce896726301ff006ebfe96b90292728f07cfa4c379740585583046e2a8018afc53aca66b18fed12b33a84f3883e7ebc317185f6682898b8f8
  languageName: node
  linkType: hard

"toad-cache@npm:^3.3.0":
  version: 3.3.0
  resolution: "toad-cache@npm:3.3.0"
  checksum: df2e7fef3991e238197796d3ddd548e1a6b8cb569de8ee053949dcebb689a5ffdbaf2c2642c035768c00d114eb5d4db96925247cc9ccec9d88a6e6d58c95c76a
  languageName: node
  linkType: hard

"toidentifier@npm:1.0.1":
  version: 1.0.1
  resolution: "toidentifier@npm:1.0.1"
  checksum: 93937279934bd66cc3270016dd8d0afec14fb7c94a05c72dc57321f8bd1fa97e5bea6d1f7c89e728d077ca31ea125b78320a616a6c6cd0e6b9cb94cb864381c1
  languageName: node
  linkType: hard

"ts-node@npm:^10.9.1":
  version: 10.9.1
  resolution: "ts-node@npm:10.9.1"
  dependencies:
    "@cspotcode/source-map-support": "npm:^0.8.0"
    "@tsconfig/node10": "npm:^1.0.7"
    "@tsconfig/node12": "npm:^1.0.7"
    "@tsconfig/node14": "npm:^1.0.0"
    "@tsconfig/node16": "npm:^1.0.2"
    acorn: "npm:^8.4.1"
    acorn-walk: "npm:^8.1.1"
    arg: "npm:^4.1.0"
    create-require: "npm:^1.1.0"
    diff: "npm:^4.0.1"
    make-error: "npm:^1.1.1"
    v8-compile-cache-lib: "npm:^3.0.1"
    yn: "npm:3.1.1"
  peerDependencies:
    "@swc/core": ">=1.2.50"
    "@swc/wasm": ">=1.2.50"
    "@types/node": "*"
    typescript: ">=2.7"
  peerDependenciesMeta:
    "@swc/core":
      optional: true
    "@swc/wasm":
      optional: true
  bin:
    ts-node: dist/bin.js
    ts-node-cwd: dist/bin-cwd.js
    ts-node-esm: dist/bin-esm.js
    ts-node-script: dist/bin-script.js
    ts-node-transpile-only: dist/bin-transpile.js
    ts-script: dist/bin-script-deprecated.js
  checksum: 95187932fb83f3901e22546bd2feeac7d2feb4f412f42ac3a595f049a23e8dcf70516dffb51866391228ea2dbcfaea039e250fb2bb334d48a86ab2b6aea0ae2d
  languageName: node
  linkType: hard

"tslib@npm:^2.0.3, tslib@npm:^2.6.1":
  version: 2.6.2
  resolution: "tslib@npm:2.6.2"
  checksum: e03a8a4271152c8b26604ed45535954c0a45296e32445b4b87f8a5abdb2421f40b59b4ca437c4346af0f28179780d604094eb64546bee2019d903d01c6c19bdb
  languageName: node
  linkType: hard

"typescript@npm:^5.2.2":
  version: 5.2.2
  resolution: "typescript@npm:5.2.2"
  bin:
    tsc: bin/tsc
    tsserver: bin/tsserver
  checksum: 91ae3e6193d0ddb8656d4c418a033f0f75dec5e077ebbc2bd6d76439b93f35683936ee1bdc0e9cf94ec76863aa49f27159b5788219b50e1cd0cd6d110aa34b07
  languageName: node
  linkType: hard

"typescript@patch:typescript@npm%3A^5.2.2#optional!builtin<compat/typescript>":
  version: 5.2.2
  resolution: "typescript@patch:typescript@npm%3A5.2.2#optional!builtin<compat/typescript>::version=5.2.2&hash=f3b441"
  bin:
    tsc: bin/tsc
    tsserver: bin/tsserver
  checksum: 062c1cee1990e6b9419ce8a55162b8dc917eb87f807e4de0327dbc1c2fa4e5f61bc0dd4e034d38ff541d1ed0479b53bcee8e4de3a4075c51a1724eb6216cb6f5
  languageName: node
  linkType: hard

"undici-types@npm:~5.26.4":
  version: 5.26.5
  resolution: "undici-types@npm:5.26.5"
  checksum: bb673d7876c2d411b6eb6c560e0c571eef4a01c1c19925175d16e3a30c4c428181fb8d7ae802a261f283e4166a0ac435e2f505743aa9e45d893f9a3df017b501
  languageName: node
  linkType: hard

"upper-case-first@npm:^2.0.2":
  version: 2.0.2
  resolution: "upper-case-first@npm:2.0.2"
  dependencies:
    tslib: "npm:^2.0.3"
  checksum: ccad6a0b143310ebfba2b5841f30bef71246297385f1329c022c902b2b5fc5aee009faf1ac9da5ab3ba7f615b88f5dc1cd80461b18a8f38cb1d4c3eb92538ea9
  languageName: node
  linkType: hard

"upper-case@npm:^2.0.2":
  version: 2.0.2
  resolution: "upper-case@npm:2.0.2"
  dependencies:
    tslib: "npm:^2.0.3"
  checksum: 5ac176c9d3757abb71400df167f9abb46d63152d5797c630d1a9f083fbabd89711fb4b3dc6de06ff0138fe8946fa5b8518b4fcdae9ca8a3e341417075beae069
  languageName: node
  linkType: hard

"uri-js@npm:^4.2.2":
  version: 4.4.1
  resolution: "uri-js@npm:4.4.1"
  dependencies:
    punycode: "npm:^2.1.0"
  checksum: 4ef57b45aa820d7ac6496e9208559986c665e49447cb072744c13b66925a362d96dd5a46c4530a6b8e203e5db5fe849369444440cb22ecfc26c679359e5dfa3c
  languageName: node
  linkType: hard

"v8-compile-cache-lib@npm:^3.0.1":
  version: 3.0.1
  resolution: "v8-compile-cache-lib@npm:3.0.1"
  checksum: bdc36fb8095d3b41df197f5fb6f11e3a26adf4059df3213e3baa93810d8f0cc76f9a74aaefc18b73e91fe7e19154ed6f134eda6fded2e0f1c8d2272ed2d2d391
  languageName: node
  linkType: hard

"wrappy@npm:1":
  version: 1.0.2
  resolution: "wrappy@npm:1.0.2"
  checksum: 56fece1a4018c6a6c8e28fbc88c87e0fbf4ea8fd64fc6c63b18f4acc4bd13e0ad2515189786dd2c30d3eec9663d70f4ecf699330002f8ccb547e4a18231fc9f0
  languageName: node
  linkType: hard

"yallist@npm:^4.0.0":
  version: 4.0.0
  resolution: "yallist@npm:4.0.0"
  checksum: 2286b5e8dbfe22204ab66e2ef5cc9bbb1e55dfc873bbe0d568aa943eb255d131890dfd5bf243637273d31119b870f49c18fcde2c6ffbb7a7a092b870dc90625a
  languageName: node
  linkType: hard

"yaml@npm:^2.2.2":
  version: 2.3.3
  resolution: "yaml@npm:2.3.3"
  checksum: a0c56bf682159b0567e9cbbddf23efc2f6806f6450716d9be6ec5eb1af1b941e95c8d3dc9c47da20d1b6883a9d6c61e31cf98bb4b77ebca4396bf772657f2f00
  languageName: node
  linkType: hard

"yn@npm:3.1.1":
  version: 3.1.1
  resolution: "yn@npm:3.1.1"
  checksum: 0732468dd7622ed8a274f640f191f3eaf1f39d5349a1b72836df484998d7d9807fbea094e2f5486d6b0cd2414aad5775972df0e68f8604db89a239f0f4bf7443
  languageName: node
  linkType: hard

"yocto-queue@npm:^0.1.0":
  version: 0.1.0
  resolution: "yocto-queue@npm:0.1.0"
  checksum: dceb44c28578b31641e13695d200d34ec4ab3966a5729814d5445b194933c096b7ced71494ce53a0e8820685d1d010df8b2422e5bf2cdea7e469d97ffbea306f
  languageName: node
  linkType: hard

"zod-to-json-schema@npm:^3.21.4":
  version: 3.21.4
  resolution: "zod-to-json-schema@npm:3.21.4"
  peerDependencies:
    zod: ^3.21.4
  checksum: 2fe95b984f239465b81ac374ed975f5c271385f76a2a860edf6890f85ac0d38720163f0a204a3329152f40b928816ea50e913f3e66a7032c43cf2cbf17f8d6b3
  languageName: node
  linkType: hard

"zod@npm:^3.22.1":
  version: 3.22.4
  resolution: "zod@npm:3.22.4"
  checksum: 7578ab283dac0eee66a0ad0fc4a7f28c43e6745aadb3a529f59a4b851aa10872b3890398b3160f257f4b6817b4ce643debdda4fb21a2c040adda7862cab0a587
  languageName: node
  linkType: hard
